// !$*UTF8*$!
{
	archiveVersion = 1;
	classes = {
	};
	objectVersion = 54;
	objects = {

/* Begin PBXBuildFile section */
		1498D2341E8E89220040F4C2 /* GeneratedPluginRegistrant.m in Sources */ = {isa = PBXBuildFile; fileRef = 1498D2331E8E89220040F4C2 /* GeneratedPluginRegistrant.m */; };
		3B3967161E833CAA004F5970 /* AppFrameworkInfo.plist in Resources */ = {isa = PBXBuildFile; fileRef = 3B3967151E833CAA004F5970 /* AppFrameworkInfo.plist */; };
		8BD7557FA349625DC7A876A9 /* Pods_Runner.framework in Frameworks */ = {isa = PBXBuildFile; fileRef = DFD1A8CF7D5363219CF99A19 /* Pods_Runner.framework */; };
		978B8F6F1D3862AE00F588F7 /* AppDelegate.m in Sources */ = {isa = PBXBuildFile; fileRef = 7AFFD8EE1D35381100E5BB4D /* AppDelegate.m */; };
		97C146F31CF9000F007C117D /* main.m in Sources */ = {isa = PBXBuildFile; fileRef = 97C146F21CF9000F007C117D /* main.m */; };
		97C146FC1CF9000F007C117D /* Main.storyboard in Resources */ = {isa = PBXBuildFile; fileRef = 97C146FA1CF9000F007C117D /* Main.storyboard */; };
		97C146FE1CF9000F007C117D /* Assets.xcassets in Resources */ = {isa = PBXBuildFile; fileRef = 97C146FD1CF9000F007C117D /* Assets.xcassets */; };
		97C147011CF9000F007C117D /* LaunchScreen.storyboard in Resources */ = {isa = PBXBuildFile; fileRef = 97C146FF1CF9000F007C117D /* LaunchScreen.storyboard */; };
		F76EA2C32C0A449C005F8FDD /* VideoRecorder.swift in Sources */ = {isa = PBXBuildFile; fileRef = F78311102C066817001145C6 /* VideoRecorder.swift */; };
		F78311152C066817001145C6 /* .gitkeep in Resources */ = {isa = PBXBuildFile; fileRef = F78310E42C066817001145C6 /* .gitkeep */; };
		F78311162C066817001145C6 /* FlutterBroadcastScreenCapturer.m in Sources */ = {isa = PBXBuildFile; fileRef = F78310E72C066817001145C6 /* FlutterBroadcastScreenCapturer.m */; };
		F78311172C066817001145C6 /* FlutterSocketConnection.m in Sources */ = {isa = PBXBuildFile; fileRef = F78310E92C066817001145C6 /* FlutterSocketConnection.m */; };
		F78311182C066817001145C6 /* FlutterSocketConnectionFrameReader.m in Sources */ = {isa = PBXBuildFile; fileRef = F78310EB2C066817001145C6 /* FlutterSocketConnectionFrameReader.m */; };
		F78311192C066817001145C6 /* audio_sink_bridge.cpp in Sources */ = {isa = PBXBuildFile; fileRef = F78310ED2C066817001145C6 /* audio_sink_bridge.cpp */; };
		F783111A2C066817001145C6 /* AudioUtils.m in Sources */ = {isa = PBXBuildFile; fileRef = F78310EF2C066817001145C6 /* AudioUtils.m */; };
		F783111B2C066817001145C6 /* DetectionRequest.swift in Sources */ = {isa = PBXBuildFile; fileRef = F78310F02C066817001145C6 /* DetectionRequest.swift */; };
		F783111C2C066817001145C6 /* DetectionResult.swift in Sources */ = {isa = PBXBuildFile; fileRef = F78310F12C066817001145C6 /* DetectionResult.swift */; };
		F783111D2C066817001145C6 /* DetectionWithTime.swift in Sources */ = {isa = PBXBuildFile; fileRef = F78310F22C066817001145C6 /* DetectionWithTime.swift */; };
		F783111E2C066817001145C6 /* FlutterRPScreenRecorder.m in Sources */ = {isa = PBXBuildFile; fileRef = F78310F42C066817001145C6 /* FlutterRPScreenRecorder.m */; };
		F783111F2C066817001145C6 /* FlutterRTCAudioSink.mm in Sources */ = {isa = PBXBuildFile; fileRef = F78310F72C066817001145C6 /* FlutterRTCAudioSink.mm */; };
		F78311202C066817001145C6 /* FlutterRTCDataChannel.m in Sources */ = {isa = PBXBuildFile; fileRef = F78310F92C066817001145C6 /* FlutterRTCDataChannel.m */; };
		F78311212C066817001145C6 /* FlutterRTCDesktopCapturer.m in Sources */ = {isa = PBXBuildFile; fileRef = F78310FB2C066817001145C6 /* FlutterRTCDesktopCapturer.m */; };
		F78311222C066817001145C6 /* FlutterRTCFrameCapturer.m in Sources */ = {isa = PBXBuildFile; fileRef = F78310FD2C066817001145C6 /* FlutterRTCFrameCapturer.m */; };
		F78311232C066817001145C6 /* FlutterRTCFrameCryptor.m in Sources */ = {isa = PBXBuildFile; fileRef = F78310FF2C066817001145C6 /* FlutterRTCFrameCryptor.m */; };
		F78311242C066817001145C6 /* FlutterRTCMediaStream.m in Sources */ = {isa = PBXBuildFile; fileRef = F78311012C066817001145C6 /* FlutterRTCMediaStream.m */; };
		F78311252C066817001145C6 /* FlutterRTCPeerConnection.m in Sources */ = {isa = PBXBuildFile; fileRef = F78311032C066817001145C6 /* FlutterRTCPeerConnection.m */; };
		F78311262C066817001145C6 /* FlutterRTCVideoRecorder.m in Sources */ = {isa = PBXBuildFile; fileRef = F78311052C066817001145C6 /* FlutterRTCVideoRecorder.m */; };
		F78311272C066817001145C6 /* FlutterRTCVideoRenderer.m in Sources */ = {isa = PBXBuildFile; fileRef = F78311072C066817001145C6 /* FlutterRTCVideoRenderer.m */; };
		F78311282C066817001145C6 /* FlutterWebRTCPlugin.m in Sources */ = {isa = PBXBuildFile; fileRef = F78311092C066817001145C6 /* FlutterWebRTCPlugin.m */; };
		F78311292C066817001145C6 /* MotionDetection.swift in Sources */ = {isa = PBXBuildFile; fileRef = F783110B2C066817001145C6 /* MotionDetection.swift */; };
		F783112A2C066817001145C6 /* PixelDection.swift in Sources */ = {isa = PBXBuildFile; fileRef = F783110C2C066817001145C6 /* PixelDection.swift */; };
		F783112B2C066817001145C6 /* RecordingResult.swift in Sources */ = {isa = PBXBuildFile; fileRef = F783110D2C066817001145C6 /* RecordingResult.swift */; };
		F783112E2C066817001145C6 /* .gitignore in Resources */ = {isa = PBXBuildFile; fileRef = F78311122C066817001145C6 /* .gitignore */; };
		F783112F2C066817001145C6 /* flutter_webrtc.podspec in Resources */ = {isa = PBXBuildFile; fileRef = F78311132C066817001145C6 /* flutter_webrtc.podspec */; };
		F7F362192C0A292000D3BCF9 /* Square.swift in Sources */ = {isa = PBXBuildFile; fileRef = F7F362182C0A292000D3BCF9 /* Square.swift */; };
/* End PBXBuildFile section */

/* Begin PBXCopyFilesBuildPhase section */
		9705A1C41CF9048500538489 /* Embed Frameworks */ = {
			isa = PBXCopyFilesBuildPhase;
			buildActionMask = 2147483647;
			dstPath = "";
			dstSubfolderSpec = 10;
			files = (
			);
			name = "Embed Frameworks";
			runOnlyForDeploymentPostprocessing = 0;
		};
/* End PBXCopyFilesBuildPhase section */

/* Begin PBXFileReference section */
		1498D2321E8E86230040F4C2 /* GeneratedPluginRegistrant.h */ = {isa = PBXFileReference; lastKnownFileType = sourcecode.c.h; path = GeneratedPluginRegistrant.h; sourceTree = "<group>"; };
		1498D2331E8E89220040F4C2 /* GeneratedPluginRegistrant.m */ = {isa = PBXFileReference; fileEncoding = 4; lastKnownFileType = sourcecode.c.objc; path = GeneratedPluginRegistrant.m; sourceTree = "<group>"; };
		21DB419CB38732612FC6EFAD /* Pods-Runner.debug.xcconfig */ = {isa = PBXFileReference; includeInIndex = 1; lastKnownFileType = text.xcconfig; name = "Pods-Runner.debug.xcconfig"; path = "Target Support Files/Pods-Runner/Pods-Runner.debug.xcconfig"; sourceTree = "<group>"; };
		2ED706C9109ECBA4BB9C9D19 /* Pods-Runner.release.xcconfig */ = {isa = PBXFileReference; includeInIndex = 1; lastKnownFileType = text.xcconfig; name = "Pods-Runner.release.xcconfig"; path = "Target Support Files/Pods-Runner/Pods-Runner.release.xcconfig"; sourceTree = "<group>"; };
		331C80F3294D02FB00263BE5 /* RunnerTests.m */ = {isa = PBXFileReference; lastKnownFileType = sourcecode.c.objc; path = RunnerTests.m; sourceTree = "<group>"; };
		3B3967151E833CAA004F5970 /* AppFrameworkInfo.plist */ = {isa = PBXFileReference; fileEncoding = 4; lastKnownFileType = text.plist.xml; name = AppFrameworkInfo.plist; path = Flutter/AppFrameworkInfo.plist; sourceTree = "<group>"; };
		5039DD75B4B558B473A52B46 /* Pods-RunnerTests.debug.xcconfig */ = {isa = PBXFileReference; includeInIndex = 1; lastKnownFileType = text.xcconfig; name = "Pods-RunnerTests.debug.xcconfig"; path = "Target Support Files/Pods-RunnerTests/Pods-RunnerTests.debug.xcconfig"; sourceTree = "<group>"; };
		615FC5446CB2F0FCA5F3390C /* Pods-RunnerTests.profile.xcconfig */ = {isa = PBXFileReference; includeInIndex = 1; lastKnownFileType = text.xcconfig; name = "Pods-RunnerTests.profile.xcconfig"; path = "Target Support Files/Pods-RunnerTests/Pods-RunnerTests.profile.xcconfig"; sourceTree = "<group>"; };
		660D90D3F7738B5A0834D9D3 /* Pods-Runner.profile.xcconfig */ = {isa = PBXFileReference; includeInIndex = 1; lastKnownFileType = text.xcconfig; name = "Pods-Runner.profile.xcconfig"; path = "Target Support Files/Pods-Runner/Pods-Runner.profile.xcconfig"; sourceTree = "<group>"; };
		7AFA3C8E1D35360C0083082E /* Release.xcconfig */ = {isa = PBXFileReference; lastKnownFileType = text.xcconfig; name = Release.xcconfig; path = Flutter/Release.xcconfig; sourceTree = "<group>"; };
		7AFFD8ED1D35381100E5BB4D /* AppDelegate.h */ = {isa = PBXFileReference; fileEncoding = 4; lastKnownFileType = sourcecode.c.h; path = AppDelegate.h; sourceTree = "<group>"; };
		7AFFD8EE1D35381100E5BB4D /* AppDelegate.m */ = {isa = PBXFileReference; fileEncoding = 4; lastKnownFileType = sourcecode.c.objc; path = AppDelegate.m; sourceTree = "<group>"; };
		9740EEB21CF90195004384FC /* Debug.xcconfig */ = {isa = PBXFileReference; fileEncoding = 4; lastKnownFileType = text.xcconfig; name = Debug.xcconfig; path = Flutter/Debug.xcconfig; sourceTree = "<group>"; };
		9740EEB31CF90195004384FC /* Generated.xcconfig */ = {isa = PBXFileReference; fileEncoding = 4; lastKnownFileType = text.xcconfig; name = Generated.xcconfig; path = Flutter/Generated.xcconfig; sourceTree = "<group>"; };
		97C146EE1CF9000F007C117D /* Runner.app */ = {isa = PBXFileReference; explicitFileType = wrapper.application; includeInIndex = 0; path = Runner.app; sourceTree = BUILT_PRODUCTS_DIR; };
		97C146F21CF9000F007C117D /* main.m */ = {isa = PBXFileReference; lastKnownFileType = sourcecode.c.objc; path = main.m; sourceTree = "<group>"; };
		97C146FB1CF9000F007C117D /* Base */ = {isa = PBXFileReference; lastKnownFileType = file.storyboard; name = Base; path = Base.lproj/Main.storyboard; sourceTree = "<group>"; };
		97C146FD1CF9000F007C117D /* Assets.xcassets */ = {isa = PBXFileReference; lastKnownFileType = folder.assetcatalog; path = Assets.xcassets; sourceTree = "<group>"; };
		97C147001CF9000F007C117D /* Base */ = {isa = PBXFileReference; lastKnownFileType = file.storyboard; name = Base; path = Base.lproj/LaunchScreen.storyboard; sourceTree = "<group>"; };
		97C147021CF9000F007C117D /* Info.plist */ = {isa = PBXFileReference; lastKnownFileType = text.plist.xml; path = Info.plist; sourceTree = "<group>"; };
		A5141B14310470EA47408D93 /* Pods_RunnerTests.framework */ = {isa = PBXFileReference; explicitFileType = wrapper.framework; includeInIndex = 0; path = Pods_RunnerTests.framework; sourceTree = BUILT_PRODUCTS_DIR; };
		CAFCDDCEFDFC3040D71CB9D6 /* Pods-RunnerTests.release.xcconfig */ = {isa = PBXFileReference; includeInIndex = 1; lastKnownFileType = text.xcconfig; name = "Pods-RunnerTests.release.xcconfig"; path = "Target Support Files/Pods-RunnerTests/Pods-RunnerTests.release.xcconfig"; sourceTree = "<group>"; };
		DFD1A8CF7D5363219CF99A19 /* Pods_Runner.framework */ = {isa = PBXFileReference; explicitFileType = wrapper.framework; includeInIndex = 0; path = Pods_Runner.framework; sourceTree = BUILT_PRODUCTS_DIR; };
		F78310E42C066817001145C6 /* .gitkeep */ = {isa = PBXFileReference; fileEncoding = 4; lastKnownFileType = text; path = .gitkeep; sourceTree = "<group>"; };
		F78310E62C066817001145C6 /* FlutterBroadcastScreenCapturer.h */ = {isa = PBXFileReference; fileEncoding = 4; lastKnownFileType = sourcecode.c.h; path = FlutterBroadcastScreenCapturer.h; sourceTree = "<group>"; };
		F78310E72C066817001145C6 /* FlutterBroadcastScreenCapturer.m */ = {isa = PBXFileReference; fileEncoding = 4; lastKnownFileType = sourcecode.c.objc; path = FlutterBroadcastScreenCapturer.m; sourceTree = "<group>"; };
		F78310E82C066817001145C6 /* FlutterSocketConnection.h */ = {isa = PBXFileReference; fileEncoding = 4; lastKnownFileType = sourcecode.c.h; path = FlutterSocketConnection.h; sourceTree = "<group>"; };
		F78310E92C066817001145C6 /* FlutterSocketConnection.m */ = {isa = PBXFileReference; fileEncoding = 4; lastKnownFileType = sourcecode.c.objc; path = FlutterSocketConnection.m; sourceTree = "<group>"; };
		F78310EA2C066817001145C6 /* FlutterSocketConnectionFrameReader.h */ = {isa = PBXFileReference; fileEncoding = 4; lastKnownFileType = sourcecode.c.h; path = FlutterSocketConnectionFrameReader.h; sourceTree = "<group>"; };
		F78310EB2C066817001145C6 /* FlutterSocketConnectionFrameReader.m */ = {isa = PBXFileReference; fileEncoding = 4; lastKnownFileType = sourcecode.c.objc; path = FlutterSocketConnectionFrameReader.m; sourceTree = "<group>"; };
		F78310ED2C066817001145C6 /* audio_sink_bridge.cpp */ = {isa = PBXFileReference; fileEncoding = 4; lastKnownFileType = sourcecode.cpp.cpp; path = audio_sink_bridge.cpp; sourceTree = "<group>"; };
		F78310EE2C066817001145C6 /* AudioUtils.h */ = {isa = PBXFileReference; fileEncoding = 4; lastKnownFileType = sourcecode.c.h; path = AudioUtils.h; sourceTree = "<group>"; };
		F78310EF2C066817001145C6 /* AudioUtils.m */ = {isa = PBXFileReference; fileEncoding = 4; lastKnownFileType = sourcecode.c.objc; path = AudioUtils.m; sourceTree = "<group>"; };
		F78310F02C066817001145C6 /* DetectionRequest.swift */ = {isa = PBXFileReference; fileEncoding = 4; lastKnownFileType = sourcecode.swift; path = DetectionRequest.swift; sourceTree = "<group>"; };
		F78310F12C066817001145C6 /* DetectionResult.swift */ = {isa = PBXFileReference; fileEncoding = 4; lastKnownFileType = sourcecode.swift; path = DetectionResult.swift; sourceTree = "<group>"; };
		F78310F22C066817001145C6 /* DetectionWithTime.swift */ = {isa = PBXFileReference; fileEncoding = 4; lastKnownFileType = sourcecode.swift; path = DetectionWithTime.swift; sourceTree = "<group>"; };
		F78310F32C066817001145C6 /* FlutterRPScreenRecorder.h */ = {isa = PBXFileReference; fileEncoding = 4; lastKnownFileType = sourcecode.c.h; path = FlutterRPScreenRecorder.h; sourceTree = "<group>"; };
		F78310F42C066817001145C6 /* FlutterRPScreenRecorder.m */ = {isa = PBXFileReference; fileEncoding = 4; lastKnownFileType = sourcecode.c.objc; path = FlutterRPScreenRecorder.m; sourceTree = "<group>"; };
		F78310F52C066817001145C6 /* FlutterRTCAudioSink-Interface.h */ = {isa = PBXFileReference; fileEncoding = 4; lastKnownFileType = sourcecode.c.h; path = "FlutterRTCAudioSink-Interface.h"; sourceTree = "<group>"; };
		F78310F62C066817001145C6 /* FlutterRTCAudioSink.h */ = {isa = PBXFileReference; fileEncoding = 4; lastKnownFileType = sourcecode.c.h; path = FlutterRTCAudioSink.h; sourceTree = "<group>"; };
		F78310F72C066817001145C6 /* FlutterRTCAudioSink.mm */ = {isa = PBXFileReference; fileEncoding = 4; lastKnownFileType = sourcecode.cpp.objcpp; path = FlutterRTCAudioSink.mm; sourceTree = "<group>"; };
		F78310F82C066817001145C6 /* FlutterRTCDataChannel.h */ = {isa = PBXFileReference; fileEncoding = 4; lastKnownFileType = sourcecode.c.h; path = FlutterRTCDataChannel.h; sourceTree = "<group>"; };
		F78310F92C066817001145C6 /* FlutterRTCDataChannel.m */ = {isa = PBXFileReference; fileEncoding = 4; lastKnownFileType = sourcecode.c.objc; path = FlutterRTCDataChannel.m; sourceTree = "<group>"; };
		F78310FA2C066817001145C6 /* FlutterRTCDesktopCapturer.h */ = {isa = PBXFileReference; fileEncoding = 4; lastKnownFileType = sourcecode.c.h; path = FlutterRTCDesktopCapturer.h; sourceTree = "<group>"; };
		F78310FB2C066817001145C6 /* FlutterRTCDesktopCapturer.m */ = {isa = PBXFileReference; fileEncoding = 4; lastKnownFileType = sourcecode.c.objc; path = FlutterRTCDesktopCapturer.m; sourceTree = "<group>"; };
		F78310FC2C066817001145C6 /* FlutterRTCFrameCapturer.h */ = {isa = PBXFileReference; fileEncoding = 4; lastKnownFileType = sourcecode.c.h; path = FlutterRTCFrameCapturer.h; sourceTree = "<group>"; };
		F78310FD2C066817001145C6 /* FlutterRTCFrameCapturer.m */ = {isa = PBXFileReference; fileEncoding = 4; lastKnownFileType = sourcecode.c.objc; path = FlutterRTCFrameCapturer.m; sourceTree = "<group>"; };
		F78310FE2C066817001145C6 /* FlutterRTCFrameCryptor.h */ = {isa = PBXFileReference; fileEncoding = 4; lastKnownFileType = sourcecode.c.h; path = FlutterRTCFrameCryptor.h; sourceTree = "<group>"; };
		F78310FF2C066817001145C6 /* FlutterRTCFrameCryptor.m */ = {isa = PBXFileReference; fileEncoding = 4; lastKnownFileType = sourcecode.c.objc; path = FlutterRTCFrameCryptor.m; sourceTree = "<group>"; };
		F78311002C066817001145C6 /* FlutterRTCMediaStream.h */ = {isa = PBXFileReference; fileEncoding = 4; lastKnownFileType = sourcecode.c.h; path = FlutterRTCMediaStream.h; sourceTree = "<group>"; };
		F78311012C066817001145C6 /* FlutterRTCMediaStream.m */ = {isa = PBXFileReference; fileEncoding = 4; lastKnownFileType = sourcecode.c.objc; path = FlutterRTCMediaStream.m; sourceTree = "<group>"; };
		F78311022C066817001145C6 /* FlutterRTCPeerConnection.h */ = {isa = PBXFileReference; fileEncoding = 4; lastKnownFileType = sourcecode.c.h; path = FlutterRTCPeerConnection.h; sourceTree = "<group>"; };
		F78311032C066817001145C6 /* FlutterRTCPeerConnection.m */ = {isa = PBXFileReference; fileEncoding = 4; lastKnownFileType = sourcecode.c.objc; path = FlutterRTCPeerConnection.m; sourceTree = "<group>"; };
		F78311042C066817001145C6 /* FlutterRTCVideoRecorder.h */ = {isa = PBXFileReference; fileEncoding = 4; lastKnownFileType = sourcecode.c.h; path = FlutterRTCVideoRecorder.h; sourceTree = "<group>"; };
		F78311052C066817001145C6 /* FlutterRTCVideoRecorder.m */ = {isa = PBXFileReference; fileEncoding = 4; lastKnownFileType = sourcecode.c.objc; path = FlutterRTCVideoRecorder.m; sourceTree = "<group>"; };
		F78311062C066817001145C6 /* FlutterRTCVideoRenderer.h */ = {isa = PBXFileReference; fileEncoding = 4; lastKnownFileType = sourcecode.c.h; path = FlutterRTCVideoRenderer.h; sourceTree = "<group>"; };
		F78311072C066817001145C6 /* FlutterRTCVideoRenderer.m */ = {isa = PBXFileReference; fileEncoding = 4; lastKnownFileType = sourcecode.c.objc; path = FlutterRTCVideoRenderer.m; sourceTree = "<group>"; };
		F78311082C066817001145C6 /* FlutterWebRTCPlugin.h */ = {isa = PBXFileReference; fileEncoding = 4; lastKnownFileType = sourcecode.c.h; path = FlutterWebRTCPlugin.h; sourceTree = "<group>"; };
		F78311092C066817001145C6 /* FlutterWebRTCPlugin.m */ = {isa = PBXFileReference; fileEncoding = 4; lastKnownFileType = sourcecode.c.objc; path = FlutterWebRTCPlugin.m; sourceTree = "<group>"; };
		F783110A2C066817001145C6 /* media_stream_interface.h */ = {isa = PBXFileReference; fileEncoding = 4; lastKnownFileType = sourcecode.c.h; path = media_stream_interface.h; sourceTree = "<group>"; };
		F783110B2C066817001145C6 /* MotionDetection.swift */ = {isa = PBXFileReference; fileEncoding = 4; lastKnownFileType = sourcecode.swift; path = MotionDetection.swift; sourceTree = "<group>"; };
		F783110C2C066817001145C6 /* PixelDection.swift */ = {isa = PBXFileReference; fileEncoding = 4; lastKnownFileType = sourcecode.swift; path = PixelDection.swift; sourceTree = "<group>"; };
		F783110D2C066817001145C6 /* RecordingResult.swift */ = {isa = PBXFileReference; fileEncoding = 4; lastKnownFileType = sourcecode.swift; path = RecordingResult.swift; sourceTree = "<group>"; };
		F783110E2C066817001145C6 /* RTCAudioSource+Private.h */ = {isa = PBXFileReference; fileEncoding = 4; lastKnownFileType = sourcecode.c.h; path = "RTCAudioSource+Private.h"; sourceTree = "<group>"; };
		F78311102C066817001145C6 /* VideoRecorder.swift */ = {isa = PBXFileReference; fileEncoding = 4; lastKnownFileType = sourcecode.swift; path = VideoRecorder.swift; sourceTree = "<group>"; };
		F78311122C066817001145C6 /* .gitignore */ = {isa = PBXFileReference; fileEncoding = 4; lastKnownFileType = text; path = .gitignore; sourceTree = "<group>"; };
		F78311132C066817001145C6 /* flutter_webrtc.podspec */ = {isa = PBXFileReference; fileEncoding = 4; lastKnownFileType = text; path = flutter_webrtc.podspec; sourceTree = "<group>"; xcLanguageSpecificationIdentifier = xcode.lang.ruby; };
		F7F362182C0A292000D3BCF9 /* Square.swift */ = {isa = PBXFileReference; fileEncoding = 4; lastKnownFileType = sourcecode.swift; path = Square.swift; sourceTree = "<group>"; };
/* End PBXFileReference section */

/* Begin PBXFrameworksBuildPhase section */
		97C146EB1CF9000F007C117D /* Frameworks */ = {
			isa = PBXFrameworksBuildPhase;
			buildActionMask = 2147483647;
			files = (
				8BD7557FA349625DC7A876A9 /* Pods_Runner.framework in Frameworks */,
			);
			runOnlyForDeploymentPostprocessing = 0;
		};
/* End PBXFrameworksBuildPhase section */

/* Begin PBXGroup section */
		0527B18660A4402F14982A35 /* Pods */ = {
			isa = PBXGroup;
			children = (
				21DB419CB38732612FC6EFAD /* Pods-Runner.debug.xcconfig */,
				2ED706C9109ECBA4BB9C9D19 /* Pods-Runner.release.xcconfig */,
				660D90D3F7738B5A0834D9D3 /* Pods-Runner.profile.xcconfig */,
				5039DD75B4B558B473A52B46 /* Pods-RunnerTests.debug.xcconfig */,
				CAFCDDCEFDFC3040D71CB9D6 /* Pods-RunnerTests.release.xcconfig */,
				615FC5446CB2F0FCA5F3390C /* Pods-RunnerTests.profile.xcconfig */,
			);
			path = Pods;
			sourceTree = "<group>";
		};
		331C80F2294D02FB00263BE5 /* RunnerTests */ = {
			isa = PBXGroup;
			children = (
				331C80F3294D02FB00263BE5 /* RunnerTests.m */,
			);
			path = RunnerTests;
			sourceTree = "<group>";
		};
		9740EEB11CF90186004384FC /* Flutter */ = {
			isa = PBXGroup;
			children = (
				3B3967151E833CAA004F5970 /* AppFrameworkInfo.plist */,
				9740EEB21CF90195004384FC /* Debug.xcconfig */,
				7AFA3C8E1D35360C0083082E /* Release.xcconfig */,
				9740EEB31CF90195004384FC /* Generated.xcconfig */,
			);
			name = Flutter;
			sourceTree = "<group>";
		};
		97C146E51CF9000F007C117D = {
			isa = PBXGroup;
			children = (
				F78311142C066817001145C6 /* ios */,
				9740EEB11CF90186004384FC /* Flutter */,
				97C146F01CF9000F007C117D /* Runner */,
				331C80F2294D02FB00263BE5 /* RunnerTests */,
				97C146EF1CF9000F007C117D /* Products */,
				0527B18660A4402F14982A35 /* Pods */,
				C10CE3C72FBAF234A00F133F /* Frameworks */,
			);
			sourceTree = "<group>";
		};
		97C146EF1CF9000F007C117D /* Products */ = {
			isa = PBXGroup;
			children = (
				97C146EE1CF9000F007C117D /* Runner.app */,
			);
			name = Products;
			sourceTree = "<group>";
		};
		97C146F01CF9000F007C117D /* Runner */ = {
			isa = PBXGroup;
			children = (
				7AFFD8ED1D35381100E5BB4D /* AppDelegate.h */,
				7AFFD8EE1D35381100E5BB4D /* AppDelegate.m */,
				97C146FA1CF9000F007C117D /* Main.storyboard */,
				97C146FD1CF9000F007C117D /* Assets.xcassets */,
				97C146FF1CF9000F007C117D /* LaunchScreen.storyboard */,
				97C147021CF9000F007C117D /* Info.plist */,
				97C146F11CF9000F007C117D /* Supporting Files */,
				1498D2321E8E86230040F4C2 /* GeneratedPluginRegistrant.h */,
				1498D2331E8E89220040F4C2 /* GeneratedPluginRegistrant.m */,
			);
			path = Runner;
			sourceTree = "<group>";
		};
		97C146F11CF9000F007C117D /* Supporting Files */ = {
			isa = PBXGroup;
			children = (
				97C146F21CF9000F007C117D /* main.m */,
			);
			name = "Supporting Files";
			sourceTree = "<group>";
		};
		C10CE3C72FBAF234A00F133F /* Frameworks */ = {
			isa = PBXGroup;
			children = (
				DFD1A8CF7D5363219CF99A19 /* Pods_Runner.framework */,
				A5141B14310470EA47408D93 /* Pods_RunnerTests.framework */,
			);
			name = Frameworks;
			sourceTree = "<group>";
		};
		F78310E52C066817001145C6 /* Assets */ = {
			isa = PBXGroup;
			children = (
				F78310E42C066817001145C6 /* .gitkeep */,
			);
			path = Assets;
			sourceTree = "<group>";
		};
		F78310EC2C066817001145C6 /* Broadcast */ = {
			isa = PBXGroup;
			children = (
				F78310E62C066817001145C6 /* FlutterBroadcastScreenCapturer.h */,
				F78310E72C066817001145C6 /* FlutterBroadcastScreenCapturer.m */,
				F78310E82C066817001145C6 /* FlutterSocketConnection.h */,
				F78310E92C066817001145C6 /* FlutterSocketConnection.m */,
				F78310EA2C066817001145C6 /* FlutterSocketConnectionFrameReader.h */,
				F78310EB2C066817001145C6 /* FlutterSocketConnectionFrameReader.m */,
			);
			path = Broadcast;
			sourceTree = "<group>";
		};
		F78311112C066817001145C6 /* Classes */ = {
			isa = PBXGroup;
			children = (
				F7F362182C0A292000D3BCF9 /* Square.swift */,
				F78310ED2C066817001145C6 /* audio_sink_bridge.cpp */,
				F78310EC2C066817001145C6 /* Broadcast */,
				F78310EE2C066817001145C6 /* AudioUtils.h */,
				F78310EF2C066817001145C6 /* AudioUtils.m */,
				F78310F02C066817001145C6 /* DetectionRequest.swift */,
				F78310F12C066817001145C6 /* DetectionResult.swift */,
				F78310F22C066817001145C6 /* DetectionWithTime.swift */,
				F78310F32C066817001145C6 /* FlutterRPScreenRecorder.h */,
				F78310F42C066817001145C6 /* FlutterRPScreenRecorder.m */,
				F78310F52C066817001145C6 /* FlutterRTCAudioSink-Interface.h */,
				F78310F62C066817001145C6 /* FlutterRTCAudioSink.h */,
				F78310F72C066817001145C6 /* FlutterRTCAudioSink.mm */,
				F78310F82C066817001145C6 /* FlutterRTCDataChannel.h */,
				F78310F92C066817001145C6 /* FlutterRTCDataChannel.m */,
				F78310FA2C066817001145C6 /* FlutterRTCDesktopCapturer.h */,
				F78310FB2C066817001145C6 /* FlutterRTCDesktopCapturer.m */,
				F78310FC2C066817001145C6 /* FlutterRTCFrameCapturer.h */,
				F78310FD2C066817001145C6 /* FlutterRTCFrameCapturer.m */,
				F78310FE2C066817001145C6 /* FlutterRTCFrameCryptor.h */,
				F78310FF2C066817001145C6 /* FlutterRTCFrameCryptor.m */,
				F78311002C066817001145C6 /* FlutterRTCMediaStream.h */,
				F78311012C066817001145C6 /* FlutterRTCMediaStream.m */,
				F78311022C066817001145C6 /* FlutterRTCPeerConnection.h */,
				F78311032C066817001145C6 /* FlutterRTCPeerConnection.m */,
				F78311042C066817001145C6 /* FlutterRTCVideoRecorder.h */,
				F78311052C066817001145C6 /* FlutterRTCVideoRecorder.m */,
				F78311062C066817001145C6 /* FlutterRTCVideoRenderer.h */,
				F78311072C066817001145C6 /* FlutterRTCVideoRenderer.m */,
				F78311082C066817001145C6 /* FlutterWebRTCPlugin.h */,
				F78311092C066817001145C6 /* FlutterWebRTCPlugin.m */,
				F783110A2C066817001145C6 /* media_stream_interface.h */,
				F783110B2C066817001145C6 /* MotionDetection.swift */,
				F783110C2C066817001145C6 /* PixelDection.swift */,
				F783110D2C066817001145C6 /* RecordingResult.swift */,
				F783110E2C066817001145C6 /* RTCAudioSource+Private.h */,
				F78311102C066817001145C6 /* VideoRecorder.swift */,
			);
			path = Classes;
			sourceTree = "<group>";
		};
		F78311142C066817001145C6 /* ios */ = {
			isa = PBXGroup;
			children = (
				F78310E52C066817001145C6 /* Assets */,
				F78311112C066817001145C6 /* Classes */,
				F78311122C066817001145C6 /* .gitignore */,
				F78311132C066817001145C6 /* flutter_webrtc.podspec */,
			);
			name = ios;
			path = ../../ios;
			sourceTree = "<group>";
		};
/* End PBXGroup section */

/* Begin PBXNativeTarget section */
		97C146ED1CF9000F007C117D /* Runner */ = {
			isa = PBXNativeTarget;
			buildConfigurationList = 97C147051CF9000F007C117D /* Build configuration list for PBXNativeTarget "Runner" */;
			buildPhases = (
				70E1CE873C6A91958A362E68 /* [CP] Check Pods Manifest.lock */,
				9740EEB61CF901F6004384FC /* Run Script */,
				97C146EA1CF9000F007C117D /* Sources */,
				97C146EB1CF9000F007C117D /* Frameworks */,
				97C146EC1CF9000F007C117D /* Resources */,
				9705A1C41CF9048500538489 /* Embed Frameworks */,
				3B06AD1E1E4923F5004D2608 /* Thin Binary */,
				8052F0CDD61216C359084FB9 /* [CP] Embed Pods Frameworks */,
			);
			buildRules = (
			);
			dependencies = (
			);
			name = Runner;
			productName = Runner;
			productReference = 97C146EE1CF9000F007C117D /* Runner.app */;
			productType = "com.apple.product-type.application";
		};
/* End PBXNativeTarget section */

/* Begin PBXProject section */
		97C146E61CF9000F007C117D /* Project object */ = {
			isa = PBXProject;
			attributes = {
				LastUpgradeCheck = 1510;
				ORGANIZATIONNAME = "";
				TargetAttributes = {
					97C146ED1CF9000F007C117D = {
						CreatedOnToolsVersion = 7.3.1;
					};
				};
			};
			buildConfigurationList = 97C146E91CF9000F007C117D /* Build configuration list for PBXProject "Runner" */;
			compatibilityVersion = "Xcode 9.3";
			developmentRegion = en;
			hasScannedForEncodings = 0;
			knownRegions = (
				en,
				Base,
			);
			mainGroup = 97C146E51CF9000F007C117D;
			productRefGroup = 97C146EF1CF9000F007C117D /* Products */;
			projectDirPath = "";
			projectRoot = "";
			targets = (
				97C146ED1CF9000F007C117D /* Runner */,
			);
		};
/* End PBXProject section */

/* Begin PBXResourcesBuildPhase section */
		97C146EC1CF9000F007C117D /* Resources */ = {
			isa = PBXResourcesBuildPhase;
			buildActionMask = 2147483647;
			files = (
				97C147011CF9000F007C117D /* LaunchScreen.storyboard in Resources */,
				3B3967161E833CAA004F5970 /* AppFrameworkInfo.plist in Resources */,
				F783112F2C066817001145C6 /* flutter_webrtc.podspec in Resources */,
				F78311152C066817001145C6 /* .gitkeep in Resources */,
				97C146FE1CF9000F007C117D /* Assets.xcassets in Resources */,
				F783112E2C066817001145C6 /* .gitignore in Resources */,
				97C146FC1CF9000F007C117D /* Main.storyboard in Resources */,
			);
			runOnlyForDeploymentPostprocessing = 0;
		};
/* End PBXResourcesBuildPhase section */

/* Begin PBXShellScriptBuildPhase section */
		3B06AD1E1E4923F5004D2608 /* Thin Binary */ = {
			isa = PBXShellScriptBuildPhase;
			alwaysOutOfDate = 1;
			buildActionMask = 2147483647;
			files = (
			);
			inputPaths = (
				"${TARGET_BUILD_DIR}/${INFOPLIST_PATH}",
			);
			name = "Thin Binary";
			outputPaths = (
			);
			runOnlyForDeploymentPostprocessing = 0;
			shellPath = /bin/sh;
			shellScript = "/bin/sh \"$FLUTTER_ROOT/packages/flutter_tools/bin/xcode_backend.sh\" embed_and_thin";
		};
		70E1CE873C6A91958A362E68 /* [CP] Check Pods Manifest.lock */ = {
			isa = PBXShellScriptBuildPhase;
			buildActionMask = 2147483647;
			files = (
			);
			inputFileListPaths = (
			);
			inputPaths = (
				"${PODS_PODFILE_DIR_PATH}/Podfile.lock",
				"${PODS_ROOT}/Manifest.lock",
			);
			name = "[CP] Check Pods Manifest.lock";
			outputFileListPaths = (
			);
			outputPaths = (
				"$(DERIVED_FILE_DIR)/Pods-Runner-checkManifestLockResult.txt",
			);
			runOnlyForDeploymentPostprocessing = 0;
			shellPath = /bin/sh;
			shellScript = "diff \"${PODS_PODFILE_DIR_PATH}/Podfile.lock\" \"${PODS_ROOT}/Manifest.lock\" > /dev/null\nif [ $? != 0 ] ; then\n    # print error to STDERR\n    echo \"error: The sandbox is not in sync with the Podfile.lock. Run 'pod install' or update your CocoaPods installation.\" >&2\n    exit 1\nfi\n# This output is used by Xcode 'outputs' to avoid re-running this script phase.\necho \"SUCCESS\" > \"${SCRIPT_OUTPUT_FILE_0}\"\n";
			showEnvVarsInLog = 0;
		};
		8052F0CDD61216C359084FB9 /* [CP] Embed Pods Frameworks */ = {
			isa = PBXShellScriptBuildPhase;
			buildActionMask = 2147483647;
			files = (
			);
			inputFileListPaths = (
				"${PODS_ROOT}/Target Support Files/Pods-Runner/Pods-Runner-frameworks-${CONFIGURATION}-input-files.xcfilelist",
			);
			name = "[CP] Embed Pods Frameworks";
			outputFileListPaths = (
				"${PODS_ROOT}/Target Support Files/Pods-Runner/Pods-Runner-frameworks-${CONFIGURATION}-output-files.xcfilelist",
			);
			runOnlyForDeploymentPostprocessing = 0;
			shellPath = /bin/sh;
			shellScript = "\"${PODS_ROOT}/Target Support Files/Pods-Runner/Pods-Runner-frameworks.sh\"\n";
			showEnvVarsInLog = 0;
		};
		9740EEB61CF901F6004384FC /* Run Script */ = {
			isa = PBXShellScriptBuildPhase;
			alwaysOutOfDate = 1;
			buildActionMask = 2147483647;
			files = (
			);
			inputPaths = (
			);
			name = "Run Script";
			outputPaths = (
			);
			runOnlyForDeploymentPostprocessing = 0;
			shellPath = /bin/sh;
			shellScript = "/bin/sh \"$FLUTTER_ROOT/packages/flutter_tools/bin/xcode_backend.sh\" build";
		};
/* End PBXShellScriptBuildPhase section */

/* Begin PBXSourcesBuildPhase section */
		97C146EA1CF9000F007C117D /* Sources */ = {
			isa = PBXSourcesBuildPhase;
			buildActionMask = 2147483647;
			files = (
				F783111B2C066817001145C6 /* DetectionRequest.swift in Sources */,
				F78311292C066817001145C6 /* MotionDetection.swift in Sources */,
				F78311232C066817001145C6 /* FlutterRTCFrameCryptor.m in Sources */,
				F78311162C066817001145C6 /* FlutterBroadcastScreenCapturer.m in Sources */,
				F78311172C066817001145C6 /* FlutterSocketConnection.m in Sources */,
				F783112A2C066817001145C6 /* PixelDection.swift in Sources */,
				F7F362192C0A292000D3BCF9 /* Square.swift in Sources */,
				F783111F2C066817001145C6 /* FlutterRTCAudioSink.mm in Sources */,
				F78311222C066817001145C6 /* FlutterRTCFrameCapturer.m in Sources */,
				F78311272C066817001145C6 /* FlutterRTCVideoRenderer.m in Sources */,
				F783111D2C066817001145C6 /* DetectionWithTime.swift in Sources */,
				F78311282C066817001145C6 /* FlutterWebRTCPlugin.m in Sources */,
				F783111A2C066817001145C6 /* AudioUtils.m in Sources */,
				978B8F6F1D3862AE00F588F7 /* AppDelegate.m in Sources */,
				F78311252C066817001145C6 /* FlutterRTCPeerConnection.m in Sources */,
				F783111E2C066817001145C6 /* FlutterRPScreenRecorder.m in Sources */,
				F78311212C066817001145C6 /* FlutterRTCDesktopCapturer.m in Sources */,
				F78311262C066817001145C6 /* FlutterRTCVideoRecorder.m in Sources */,
				F78311202C066817001145C6 /* FlutterRTCDataChannel.m in Sources */,
				F76EA2C32C0A449C005F8FDD /* VideoRecorder.swift in Sources */,
				97C146F31CF9000F007C117D /* main.m in Sources */,
				F783111C2C066817001145C6 /* DetectionResult.swift in Sources */,
				F78311192C066817001145C6 /* audio_sink_bridge.cpp in Sources */,
				F78311182C066817001145C6 /* FlutterSocketConnectionFrameReader.m in Sources */,
				1498D2341E8E89220040F4C2 /* GeneratedPluginRegistrant.m in Sources */,
				F783112B2C066817001145C6 /* RecordingResult.swift in Sources */,
				F78311242C066817001145C6 /* FlutterRTCMediaStream.m in Sources */,
			);
			runOnlyForDeploymentPostprocessing = 0;
		};
/* End PBXSourcesBuildPhase section */

/* Begin PBXVariantGroup section */
		97C146FA1CF9000F007C117D /* Main.storyboard */ = {
			isa = PBXVariantGroup;
			children = (
				97C146FB1CF9000F007C117D /* Base */,
			);
			name = Main.storyboard;
			sourceTree = "<group>";
		};
		97C146FF1CF9000F007C117D /* LaunchScreen.storyboard */ = {
			isa = PBXVariantGroup;
			children = (
				97C147001CF9000F007C117D /* Base */,
			);
			name = LaunchScreen.storyboard;
			sourceTree = "<group>";
		};
/* End PBXVariantGroup section */

/* Begin XCBuildConfiguration section */
		249021D3217E4FDB00AE95B9 /* Profile */ = {
			isa = XCBuildConfiguration;
			buildSettings = {
				ALWAYS_SEARCH_USER_PATHS = NO;
				CLANG_ANALYZER_NONNULL = YES;
				CLANG_CXX_LANGUAGE_STANDARD = "gnu++0x";
				CLANG_CXX_LIBRARY = "libc++";
				CLANG_ENABLE_MODULES = YES;
				CLANG_ENABLE_OBJC_ARC = YES;
				CLANG_WARN_BLOCK_CAPTURE_AUTORELEASING = YES;
				CLANG_WARN_BOOL_CONVERSION = YES;
				CLANG_WARN_COMMA = YES;
				CLANG_WARN_CONSTANT_CONVERSION = YES;
				CLANG_WARN_DEPRECATED_OBJC_IMPLEMENTATIONS = YES;
				CLANG_WARN_DIRECT_OBJC_ISA_USAGE = YES_ERROR;
				CLANG_WARN_EMPTY_BODY = YES;
				CLANG_WARN_ENUM_CONVERSION = YES;
				CLANG_WARN_INFINITE_RECURSION = YES;
				CLANG_WARN_INT_CONVERSION = YES;
				CLANG_WARN_NON_LITERAL_NULL_CONVERSION = YES;
				CLANG_WARN_OBJC_IMPLICIT_RETAIN_SELF = YES;
				CLANG_WARN_OBJC_LITERAL_CONVERSION = YES;
				CLANG_WARN_OBJC_ROOT_CLASS = YES_ERROR;
				CLANG_WARN_RANGE_LOOP_ANALYSIS = YES;
				CLANG_WARN_STRICT_PROTOTYPES = YES;
				CLANG_WARN_SUSPICIOUS_MOVE = YES;
				CLANG_WARN_UNREACHABLE_CODE = YES;
				CLANG_WARN__DUPLICATE_METHOD_MATCH = YES;
				"CODE_SIGN_IDENTITY[sdk=iphoneos*]" = "iPhone Developer";
				COPY_PHASE_STRIP = NO;
				DEBUG_INFORMATION_FORMAT = "dwarf-with-dsym";
				ENABLE_NS_ASSERTIONS = NO;
				ENABLE_STRICT_OBJC_MSGSEND = YES;
				GCC_C_LANGUAGE_STANDARD = gnu99;
				GCC_NO_COMMON_BLOCKS = YES;
				GCC_WARN_64_TO_32_BIT_CONVERSION = YES;
				GCC_WARN_ABOUT_RETURN_TYPE = YES_ERROR;
				GCC_WARN_UNDECLARED_SELECTOR = YES;
				GCC_WARN_UNINITIALIZED_AUTOS = YES_AGGRESSIVE;
				GCC_WARN_UNUSED_FUNCTION = YES;
				GCC_WARN_UNUSED_VARIABLE = YES;
				IPHONEOS_DEPLOYMENT_TARGET = 13.0;
				MTL_ENABLE_DEBUG_INFO = NO;
				SDKROOT = iphoneos;
				SUPPORTED_PLATFORMS = iphoneos;
				TARGETED_DEVICE_FAMILY = "1,2";
				VALIDATE_PRODUCT = YES;
			};
			name = Profile;
		};
		249021D4217E4FDB00AE95B9 /* Profile */ = {
			isa = XCBuildConfiguration;
			baseConfigurationReference = 7AFA3C8E1D35360C0083082E /* Release.xcconfig */;
			buildSettings = {
				ASSETCATALOG_COMPILER_APPICON_NAME = AppIcon;
				CURRENT_PROJECT_VERSION = "$(FLUTTER_BUILD_NUMBER)";
				DEVELOPMENT_TEAM = DAX456CQN2;
				ENABLE_BITCODE = NO;
				INFOPLIST_FILE = Runner/Info.plist;
				IPHONEOS_DEPLOYMENT_TARGET = 13.0;
				LD_RUNPATH_SEARCH_PATHS = (
					"$(inherited)",
					"@executable_path/Frameworks",
				);
				PRODUCT_BUNDLE_IDENTIFIER = "com.cloudwebrtc.flutter-flutter-example.flutterWebrtcExample";
				PRODUCT_NAME = "$(TARGET_NAME)";
				SWIFT_VERSION = 5.0;
				VERSIONING_SYSTEM = "apple-generic";
			};
			name = Profile;
		};
		97C147031CF9000F007C117D /* Debug */ = {
			isa = XCBuildConfiguration;
			buildSettings = {
				ALWAYS_SEARCH_USER_PATHS = NO;
				CLANG_ANALYZER_NONNULL = YES;
				CLANG_CXX_LANGUAGE_STANDARD = "gnu++0x";
				CLANG_CXX_LIBRARY = "libc++";
				CLANG_ENABLE_MODULES = YES;
				CLANG_ENABLE_OBJC_ARC = YES;
				CLANG_WARN_BLOCK_CAPTURE_AUTORELEASING = YES;
				CLANG_WARN_BOOL_CONVERSION = YES;
				CLANG_WARN_COMMA = YES;
				CLANG_WARN_CONSTANT_CONVERSION = YES;
				CLANG_WARN_DEPRECATED_OBJC_IMPLEMENTATIONS = YES;
				CLANG_WARN_DIRECT_OBJC_ISA_USAGE = YES_ERROR;
				CLANG_WARN_EMPTY_BODY = YES;
				CLANG_WARN_ENUM_CONVERSION = YES;
				CLANG_WARN_INFINITE_RECURSION = YES;
				CLANG_WARN_INT_CONVERSION = YES;
				CLANG_WARN_NON_LITERAL_NULL_CONVERSION = YES;
				CLANG_WARN_OBJC_IMPLICIT_RETAIN_SELF = YES;
				CLANG_WARN_OBJC_LITERAL_CONVERSION = YES;
				CLANG_WARN_OBJC_ROOT_CLASS = YES_ERROR;
				CLANG_WARN_RANGE_LOOP_ANALYSIS = YES;
				CLANG_WARN_STRICT_PROTOTYPES = YES;
				CLANG_WARN_SUSPICIOUS_MOVE = YES;
				CLANG_WARN_UNREACHABLE_CODE = YES;
				CLANG_WARN__DUPLICATE_METHOD_MATCH = YES;
				"CODE_SIGN_IDENTITY[sdk=iphoneos*]" = "iPhone Developer";
				COPY_PHASE_STRIP = NO;
				DEBUG_INFORMATION_FORMAT = dwarf;
				ENABLE_STRICT_OBJC_MSGSEND = YES;
				ENABLE_TESTABILITY = YES;
				GCC_C_LANGUAGE_STANDARD = gnu99;
				GCC_DYNAMIC_NO_PIC = NO;
				GCC_NO_COMMON_BLOCKS = YES;
				GCC_OPTIMIZATION_LEVEL = 0;
				GCC_PREPROCESSOR_DEFINITIONS = (
					"DEBUG=1",
					"$(inherited)",
				);
				GCC_WARN_64_TO_32_BIT_CONVERSION = YES;
				GCC_WARN_ABOUT_RETURN_TYPE = YES_ERROR;
				GCC_WARN_UNDECLARED_SELECTOR = YES;
				GCC_WARN_UNINITIALIZED_AUTOS = YES_AGGRESSIVE;
				GCC_WARN_UNUSED_FUNCTION = YES;
				GCC_WARN_UNUSED_VARIABLE = YES;
				IPHONEOS_DEPLOYMENT_TARGET = 13.0;
				MTL_ENABLE_DEBUG_INFO = YES;
				ONLY_ACTIVE_ARCH = YES;
				SDKROOT = iphoneos;
				TARGETED_DEVICE_FAMILY = "1,2";
			};
			name = Debug;
		};
		97C147041CF9000F007C117D /* Release */ = {
			isa = XCBuildConfiguration;
			buildSettings = {
				ALWAYS_SEARCH_USER_PATHS = NO;
				CLANG_ANALYZER_NONNULL = YES;
				CLANG_CXX_LANGUAGE_STANDARD = "gnu++0x";
				CLANG_CXX_LIBRARY = "libc++";
				CLANG_ENABLE_MODULES = YES;
				CLANG_ENABLE_OBJC_ARC = YES;
				CLANG_WARN_BLOCK_CAPTURE_AUTORELEASING = YES;
				CLANG_WARN_BOOL_CONVERSION = YES;
				CLANG_WARN_COMMA = YES;
				CLANG_WARN_CONSTANT_CONVERSION = YES;
				CLANG_WARN_DEPRECATED_OBJC_IMPLEMENTATIONS = YES;
				CLANG_WARN_DIRECT_OBJC_ISA_USAGE = YES_ERROR;
				CLANG_WARN_EMPTY_BODY = YES;
				CLANG_WARN_ENUM_CONVERSION = YES;
				CLANG_WARN_INFINITE_RECURSION = YES;
				CLANG_WARN_INT_CONVERSION = YES;
				CLANG_WARN_NON_LITERAL_NULL_CONVERSION = YES;
				CLANG_WARN_OBJC_IMPLICIT_RETAIN_SELF = YES;
				CLANG_WARN_OBJC_LITERAL_CONVERSION = YES;
				CLANG_WARN_OBJC_ROOT_CLASS = YES_ERROR;
				CLANG_WARN_RANGE_LOOP_ANALYSIS = YES;
				CLANG_WARN_STRICT_PROTOTYPES = YES;
				CLANG_WARN_SUSPICIOUS_MOVE = YES;
				CLANG_WARN_UNREACHABLE_CODE = YES;
				CLANG_WARN__DUPLICATE_METHOD_MATCH = YES;
				"CODE_SIGN_IDENTITY[sdk=iphoneos*]" = "iPhone Developer";
				COPY_PHASE_STRIP = NO;
				DEBUG_INFORMATION_FORMAT = "dwarf-with-dsym";
				ENABLE_NS_ASSERTIONS = NO;
				ENABLE_STRICT_OBJC_MSGSEND = YES;
				GCC_C_LANGUAGE_STANDARD = gnu99;
				GCC_NO_COMMON_BLOCKS = YES;
				GCC_WARN_64_TO_32_BIT_CONVERSION = YES;
				GCC_WARN_ABOUT_RETURN_TYPE = YES_ERROR;
				GCC_WARN_UNDECLARED_SELECTOR = YES;
				GCC_WARN_UNINITIALIZED_AUTOS = YES_AGGRESSIVE;
				GCC_WARN_UNUSED_FUNCTION = YES;
				GCC_WARN_UNUSED_VARIABLE = YES;
				IPHONEOS_DEPLOYMENT_TARGET = 13.0;
				MTL_ENABLE_DEBUG_INFO = NO;
				SDKROOT = iphoneos;
				SUPPORTED_PLATFORMS = iphoneos;
				TARGETED_DEVICE_FAMILY = "1,2";
				VALIDATE_PRODUCT = YES;
			};
			name = Release;
		};
		97C147061CF9000F007C117D /* Debug */ = {
			isa = XCBuildConfiguration;
			baseConfigurationReference = 9740EEB21CF90195004384FC /* Debug.xcconfig */;
			buildSettings = {
				ASSETCATALOG_COMPILER_APPICON_NAME = AppIcon;
				CURRENT_PROJECT_VERSION = "$(FLUTTER_BUILD_NUMBER)";
				DEVELOPMENT_TEAM = DAX456CQN2;
				ENABLE_BITCODE = NO;
				INFOPLIST_FILE = Runner/Info.plist;
				IPHONEOS_DEPLOYMENT_TARGET = 13.0;
				LD_RUNPATH_SEARCH_PATHS = (
					"$(inherited)",
					"@executable_path/Frameworks",
				);
				PRODUCT_BUNDLE_IDENTIFIER = "com.cloudwebrtc.flutter-flutter-example.flutterWebrtcExample";
				PRODUCT_NAME = "$(TARGET_NAME)";
				SWIFT_VERSION = 5.0;
				VERSIONING_SYSTEM = "apple-generic";
			};
			name = Debug;
		};
		97C147071CF9000F007C117D /* Release */ = {
			isa = XCBuildConfiguration;
			baseConfigurationReference = 7AFA3C8E1D35360C0083082E /* Release.xcconfig */;
			buildSettings = {
				ASSETCATALOG_COMPILER_APPICON_NAME = AppIcon;
				CURRENT_PROJECT_VERSION = "$(FLUTTER_BUILD_NUMBER)";
				DEVELOPMENT_TEAM = DAX456CQN2;
				ENABLE_BITCODE = NO;
				INFOPLIST_FILE = Runner/Info.plist;
				IPHONEOS_DEPLOYMENT_TARGET = 13.0;
				LD_RUNPATH_SEARCH_PATHS = (
					"$(inherited)",
					"@executable_path/Frameworks",
				);
				PRODUCT_BUNDLE_IDENTIFIER = "com.cloudwebrtc.flutter-flutter-example.flutterWebrtcExample";
				PRODUCT_NAME = "$(TARGET_NAME)";
				SWIFT_VERSION = 5.0;
				VERSIONING_SYSTEM = "apple-generic";
			};
			name = Release;
		};
/* End XCBuildConfiguration section */

/* Begin XCConfigurationList section */
		97C146E91CF9000F007C117D /* Build configuration list for PBXProject "Runner" */ = {
			isa = XCConfigurationList;
			buildConfigurations = (
				97C147031CF9000F007C117D /* Debug */,
				97C147041CF9000F007C117D /* Release */,
				249021D3217E4FDB00AE95B9 /* Profile */,
			);
			defaultConfigurationIsVisible = 0;
			defaultConfigurationName = Release;
		};
		97C147051CF9000F007C117D /* Build configuration list for PBXNativeTarget "Runner" */ = {
			isa = XCConfigurationList;
			buildConfigurations = (
				97C147061CF9000F007C117D /* Debug */,
				97C147071CF9000F007C117D /* Release */,
				249021D4217E4FDB00AE95B9 /* Profile */,
			);
			defaultConfigurationIsVisible = 0;
			defaultConfigurationName = Release;
		};
/* End XCConfigurationList section */
	};
	rootObject = 97C146E61CF9000F007C117D /* Project object */;
}
